
Microsoft Visual Studio Solution File, Format Version 12.00
# Visual Studio Version 17
VisualStudioVersion = 17.12.35209.166
MinimumVisualStudioVersion = 10.0.40219.1
Project("{2150E333-8FDC-42A3-9474-1A3956D46DE8}") = "Sevices", "Sevices", "{4BB74E11-8E84-4A29-ADF5-53D1D6FB2558}"
EndProject
Project("{2150E333-8FDC-42A3-9474-1A3956D46DE8}") = "Catalog", "Catalog", "{329B2F7A-EAB8-4EA4-9070-FFA239985BF8}"
EndProject
Project("{FAE04EC0-301F-11D3-BF4B-00C04F79EFBC}") = "MultiShop.Catalog", "Services\Catalog\MultiShop.Catalog\MultiShop.Catalog.csproj", "{CF308081-6157-45F6-8118-8C9639F55D7C}"
EndProject
Project("{2150E333-8FDC-42A3-9474-1A3956D46DE8}") = "Discount", "Discount", "{867A5CCF-6320-4547-BEAE-578373FA0115}"
EndProject
Project("{FAE04EC0-301F-11D3-BF4B-00C04F79EFBC}") = "MultiShop.Discount", "Services\Discount\MultiShop.Discount\MultiShop.Discount.csproj", "{A27C41E1-830C-4172-98D3-18AC2F595C89}"
EndProject
Project("{2150E333-8FDC-42A3-9474-1A3956D46DE8}") = "Order", "Order", "{AAE621C8-EED3-49F4-B9C7-67F7033A5DAB}"
EndProject
Project("{2150E333-8FDC-42A3-9474-1A3956D46DE8}") = "Core", "Core", "{3646705C-765D-4271-A4C5-E5D24E085DF9}"
EndProject
Project("{2150E333-8FDC-42A3-9474-1A3956D46DE8}") = "Infrastructure", "Infrastructure", "{7D3EBB02-2070-40C7-8EE2-B149620B67B4}"
EndProject
Project("{2150E333-8FDC-42A3-9474-1A3956D46DE8}") = "Presentation", "Presentation", "{5811C35B-E935-4B17-809E-3FF6A6E9F0D2}"
EndProject
Project("{FAE04EC0-301F-11D3-BF4B-00C04F79EFBC}") = "MultiShop.Order.Domain", "Services\Order\Core\MultiShop.Order.Domain\MultiShop.Order.Domain.csproj", "{0ACEB353-AC78-4A8E-A67B-BD5C9F6E84E1}"
EndProject
Project("{FAE04EC0-301F-11D3-BF4B-00C04F79EFBC}") = "MultiShop.Order.Application", "Services\Order\Core\MultiShop.Order.Application\MultiShop.Order.Application.csproj", "{6CB9FEEC-D77D-46CB-8A86-BB0DC703E200}"
EndProject
Project("{FAE04EC0-301F-11D3-BF4B-00C04F79EFBC}") = "MultiShop.Order.Persistence", "Services\Order\Infrastructure\MultiShop.Order.Persistence\MultiShop.Order.Persistence.csproj", "{76E6DE0B-7573-4082-9817-05DDD861230C}"
EndProject
Project("{FAE04EC0-301F-11D3-BF4B-00C04F79EFBC}") = "MultiShop.Order.WebApi", "Services\Order\Presentation\MultiShop.Order.WebApi\MultiShop.Order.WebApi.csproj", "{A7740557-1668-4FE6-8A53-54F5371F9EDE}"
EndProject
Global
	GlobalSection(SolutionConfigurationPlatforms) = preSolution
		Debug|Any CPU = Debug|Any CPU
		Release|Any CPU = Release|Any CPU
	EndGlobalSection
	GlobalSection(ProjectConfigurationPlatforms) = postSolution
		{CF308081-6157-45F6-8118-8C9639F55D7C}.Debug|Any CPU.ActiveCfg = Debug|Any CPU
		{CF308081-6157-45F6-8118-8C9639F55D7C}.Debug|Any CPU.Build.0 = Debug|Any CPU
		{CF308081-6157-45F6-8118-8C9639F55D7C}.Release|Any CPU.ActiveCfg = Release|Any CPU
		{CF308081-6157-45F6-8118-8C9639F55D7C}.Release|Any CPU.Build.0 = Release|Any CPU
		{A27C41E1-830C-4172-98D3-18AC2F595C89}.Debug|Any CPU.ActiveCfg = Debug|Any CPU
		{A27C41E1-830C-4172-98D3-18AC2F595C89}.Debug|Any CPU.Build.0 = Debug|Any CPU
		{A27C41E1-830C-4172-98D3-18AC2F595C89}.Release|Any CPU.ActiveCfg = Release|Any CPU
		{A27C41E1-830C-4172-98D3-18AC2F595C89}.Release|Any CPU.Build.0 = Release|Any CPU
		{0ACEB353-AC78-4A8E-A67B-BD5C9F6E84E1}.Debug|Any CPU.ActiveCfg = Debug|Any CPU
		{0ACEB353-AC78-4A8E-A67B-BD5C9F6E84E1}.Debug|Any CPU.Build.0 = Debug|Any CPU
		{0ACEB353-AC78-4A8E-A67B-BD5C9F6E84E1}.Release|Any CPU.ActiveCfg = Release|Any CPU
		{0ACEB353-AC78-4A8E-A67B-BD5C9F6E84E1}.Release|Any CPU.Build.0 = Release|Any CPU
		{6CB9FEEC-D77D-46CB-8A86-BB0DC703E200}.Debug|Any CPU.ActiveCfg = Debug|Any CPU
		{6CB9FEEC-D77D-46CB-8A86-BB0DC703E200}.Debug|Any CPU.Build.0 = Debug|Any CPU
		{6CB9FEEC-D77D-46CB-8A86-BB0DC703E200}.Release|Any CPU.ActiveCfg = Release|Any CPU
		{6CB9FEEC-D77D-46CB-8A86-BB0DC703E200}.Release|Any CPU.Build.0 = Release|Any CPU
		{76E6DE0B-7573-4082-9817-05DDD861230C}.Debug|Any CPU.ActiveCfg = Debug|Any CPU
		{76E6DE0B-7573-4082-9817-05DDD861230C}.Debug|Any CPU.Build.0 = Debug|Any CPU
		{76E6DE0B-7573-4082-9817-05DDD861230C}.Release|Any CPU.ActiveCfg = Release|Any CPU
		{76E6DE0B-7573-4082-9817-05DDD861230C}.Release|Any CPU.Build.0 = Release|Any CPU
		{A7740557-1668-4FE6-8A53-54F5371F9EDE}.Debug|Any CPU.ActiveCfg = Debug|Any CPU
		{A7740557-1668-4FE6-8A53-54F5371F9EDE}.Debug|Any CPU.Build.0 = Debug|Any CPU
		{A7740557-1668-4FE6-8A53-54F5371F9EDE}.Release|Any CPU.ActiveCfg = Release|Any CPU
		{A7740557-1668-4FE6-8A53-54F5371F9EDE}.Release|Any CPU.Build.0 = Release|Any CPU
	EndGlobalSection
	GlobalSection(SolutionProperties) = preSolution
		HideSolutionNode = FALSE
	EndGlobalSection
	GlobalSection(NestedProjects) = preSolution
		{329B2F7A-EAB8-4EA4-9070-FFA239985BF8} = {4BB74E11-8E84-4A29-ADF5-53D1D6FB2558}
		{CF308081-6157-45F6-8118-8C9639F55D7C} = {329B2F7A-EAB8-4EA4-9070-FFA239985BF8}
		{867A5CCF-6320-4547-BEAE-578373FA0115} = {4BB74E11-8E84-4A29-ADF5-53D1D6FB2558}
		{A27C41E1-830C-4172-98D3-18AC2F595C89} = {867A5CCF-6320-4547-BEAE-578373FA0115}
		{AAE621C8-EED3-49F4-B9C7-67F7033A5DAB} = {4BB74E11-8E84-4A29-ADF5-53D1D6FB2558}
		{3646705C-765D-4271-A4C5-E5D24E085DF9} = {AAE621C8-EED3-49F4-B9C7-67F7033A5DAB}
		{7D3EBB02-2070-40C7-8EE2-B149620B67B4} = {AAE621C8-EED3-49F4-B9C7-67F7033A5DAB}
		{5811C35B-E935-4B17-809E-3FF6A6E9F0D2} = {AAE621C8-EED3-49F4-B9C7-67F7033A5DAB}
		{0ACEB353-AC78-4A8E-A67B-BD5C9F6E84E1} = {3646705C-765D-4271-A4C5-E5D24E085DF9}
		{6CB9FEEC-D77D-46CB-8A86-BB0DC703E200} = {3646705C-765D-4271-A4C5-E5D24E085DF9}
		{76E6DE0B-7573-4082-9817-05DDD861230C} = {7D3EBB02-2070-40C7-8EE2-B149620B67B4}
		{A7740557-1668-4FE6-8A53-54F5371F9EDE} = {5811C35B-E935-4B17-809E-3FF6A6E9F0D2}
	EndGlobalSection
	GlobalSection(ExtensibilityGlobals) = postSolution
		SolutionGuid = {5A7200B4-0633-495F-9885-6740B1F5E866}
	EndGlobalSection
EndGlobal
