
Microsoft Visual Studio Solution File, Format Version 12.00
# Visual Studio Version 17
VisualStudioVersion = 17.12.35209.166
MinimumVisualStudioVersion = 10.0.40219.1
Project("{2150E333-8FDC-42A3-9474-1A3956D46DE8}") = "Sevices", "Sevices", "{4BB74E11-8E84-4A29-ADF5-53D1D6FB2558}"
EndProject
Project("{2150E333-8FDC-42A3-9474-1A3956D46DE8}") = "Catalog", "Catalog", "{329B2F7A-EAB8-4EA4-9070-FFA239985BF8}"
EndProject
Project("{FAE04EC0-301F-11D3-BF4B-00C04F79EFBC}") = "MultiShop.Catalog", "Services\Catalog\MultiShop.Catalog\MultiShop.Catalog.csproj", "{CF308081-6157-45F6-8118-8C9639F55D7C}"
EndProject
Project("{2150E333-8FDC-42A3-9474-1A3956D46DE8}") = "Discount", "Discount", "{867A5CCF-6320-4547-BEAE-578373FA0115}"
EndProject
Project("{FAE04EC0-301F-11D3-BF4B-00C04F79EFBC}") = "MultiShop.Discount", "Services\Discount\MultiShop.Discount\MultiShop.Discount.csproj", "{A27C41E1-830C-4172-98D3-18AC2F595C89}"
EndProject
Project("{2150E333-8FDC-42A3-9474-1A3956D46DE8}") = "Order", "Order", "{AAE621C8-EED3-49F4-B9C7-67F7033A5DAB}"
EndProject
Project("{2150E333-8FDC-42A3-9474-1A3956D46DE8}") = "Core", "Core", "{3646705C-765D-4271-A4C5-E5D24E085DF9}"
EndProject
Project("{2150E333-8FDC-42A3-9474-1A3956D46DE8}") = "Infrastructure", "Infrastructure", "{7D3EBB02-2070-40C7-8EE2-B149620B67B4}"
EndProject
Project("{2150E333-8FDC-42A3-9474-1A3956D46DE8}") = "Presentation", "Presentation", "{5811C35B-E935-4B17-809E-3FF6A6E9F0D2}"
EndProject
Project("{FAE04EC0-301F-11D3-BF4B-00C04F79EFBC}") = "MultiShop.Order.Domain", "Services\Order\Core\MultiShop.Order.Domain\MultiShop.Order.Domain.csproj", "{0ACEB353-AC78-4A8E-A67B-BD5C9F6E84E1}"
EndProject
Project("{FAE04EC0-301F-11D3-BF4B-00C04F79EFBC}") = "MultiShop.Order.Application", "Services\Order\Core\MultiShop.Order.Application\MultiShop.Order.Application.csproj", "{6CB9FEEC-D77D-46CB-8A86-BB0DC703E200}"
EndProject
Project("{FAE04EC0-301F-11D3-BF4B-00C04F79EFBC}") = "MultiShop.Order.Persistence", "Services\Order\Infrastructure\MultiShop.Order.Persistence\MultiShop.Order.Persistence.csproj", "{76E6DE0B-7573-4082-9817-05DDD861230C}"
EndProject
Project("{FAE04EC0-301F-11D3-BF4B-00C04F79EFBC}") = "MultiShop.Order.WebApi", "Services\Order\Presentation\MultiShop.Order.WebApi\MultiShop.Order.WebApi.csproj", "{A7740557-1668-4FE6-8A53-54F5371F9EDE}"
EndProject
Project("{2150E333-8FDC-42A3-9474-1A3956D46DE8}") = "IdentityServer", "IdentityServer", "{4BFFDF9B-2740-4D8A-8299-ABF80FE08067}"
EndProject
Project("{FAE04EC0-301F-11D3-BF4B-00C04F79EFBC}") = "MultiShop.IdentityServer", "IdentityServer\MultiShop.IdentityServer\MultiShop.IdentityServer.csproj", "{72538B9E-4528-4EAC-A3F6-3AFC0492003D}"
EndProject
Project("{2150E333-8FDC-42A3-9474-1A3956D46DE8}") = "Cargo", "Cargo", "{981AA2EA-B81D-4FA2-8D3B-6C8A006DC090}"
EndProject
Project("{FAE04EC0-301F-11D3-BF4B-00C04F79EFBC}") = "MultiShop.Cargo.EntityLayer", "Services\Cargo\MultiShop.Cargo.EntityLayer\MultiShop.Cargo.EntityLayer.csproj", "{5CA0297D-01D2-40F3-8ADE-6E4D9AFB7F69}"
EndProject
Project("{FAE04EC0-301F-11D3-BF4B-00C04F79EFBC}") = "MultiShop.Cargo.BusinessLayer", "Services\Cargo\MultiShop.Cargo.Business\MultiShop.Cargo.BusinessLayer\MultiShop.Cargo.BusinessLayer.csproj", "{516EA1E6-B3ED-4EE2-BB98-82455DBC1957}"
EndProject
Project("{FAE04EC0-301F-11D3-BF4B-00C04F79EFBC}") = "MultiShop.Cargo.DataAccessLayer", "Services\Cargo\MultiShop.Cargo.DataAccessLayer\MultiShop.Cargo.DataAccessLayer.csproj", "{71F8DDBF-EF5F-43B7-8ACB-E92D75708DF7}"
EndProject
Project("{FAE04EC0-301F-11D3-BF4B-00C04F79EFBC}") = "MultiShop.Cargo.DtoLayer", "Services\Cargo\MultiShop.Cargo.DtoLayer\MultiShop.Cargo.DtoLayer.csproj", "{8430C4C7-07A3-46ED-8811-609245BAB9CC}"
EndProject
Project("{FAE04EC0-301F-11D3-BF4B-00C04F79EFBC}") = "MultiShop.Cargo.WebApi", "Services\Cargo\MultiShop.Cargo.WebApi\MultiShop.Cargo.WebApi.csproj", "{76D7E7DF-3DD6-4008-AC0D-EFC05C5DAA39}"
EndProject
Project("{2150E333-8FDC-42A3-9474-1A3956D46DE8}") = "Basket", "Basket", "{F5784039-E3A7-463A-A4BC-DC7D385749F4}"
EndProject
Project("{FAE04EC0-301F-11D3-BF4B-00C04F79EFBC}") = "MultiShop.Basket", "Services\Basket\MultiShop.Basket\MultiShop.Basket.csproj", "{B7D8296A-6514-4065-BE6C-496A7FF68488}"
EndProject
Global
	GlobalSection(SolutionConfigurationPlatforms) = preSolution
		Debug|Any CPU = Debug|Any CPU
		Release|Any CPU = Release|Any CPU
	EndGlobalSection
	GlobalSection(ProjectConfigurationPlatforms) = postSolution
		{CF308081-6157-45F6-8118-8C9639F55D7C}.Debug|Any CPU.ActiveCfg = Debug|Any CPU
		{CF308081-6157-45F6-8118-8C9639F55D7C}.Debug|Any CPU.Build.0 = Debug|Any CPU
		{CF308081-6157-45F6-8118-8C9639F55D7C}.Release|Any CPU.ActiveCfg = Release|Any CPU
		{CF308081-6157-45F6-8118-8C9639F55D7C}.Release|Any CPU.Build.0 = Release|Any CPU
		{A27C41E1-830C-4172-98D3-18AC2F595C89}.Debug|Any CPU.ActiveCfg = Debug|Any CPU
		{A27C41E1-830C-4172-98D3-18AC2F595C89}.Debug|Any CPU.Build.0 = Debug|Any CPU
		{A27C41E1-830C-4172-98D3-18AC2F595C89}.Release|Any CPU.ActiveCfg = Release|Any CPU
		{A27C41E1-830C-4172-98D3-18AC2F595C89}.Release|Any CPU.Build.0 = Release|Any CPU
		{0ACEB353-AC78-4A8E-A67B-BD5C9F6E84E1}.Debug|Any CPU.ActiveCfg = Debug|Any CPU
		{0ACEB353-AC78-4A8E-A67B-BD5C9F6E84E1}.Debug|Any CPU.Build.0 = Debug|Any CPU
		{0ACEB353-AC78-4A8E-A67B-BD5C9F6E84E1}.Release|Any CPU.ActiveCfg = Release|Any CPU
		{0ACEB353-AC78-4A8E-A67B-BD5C9F6E84E1}.Release|Any CPU.Build.0 = Release|Any CPU
		{6CB9FEEC-D77D-46CB-8A86-BB0DC703E200}.Debug|Any CPU.ActiveCfg = Debug|Any CPU
		{6CB9FEEC-D77D-46CB-8A86-BB0DC703E200}.Debug|Any CPU.Build.0 = Debug|Any CPU
		{6CB9FEEC-D77D-46CB-8A86-BB0DC703E200}.Release|Any CPU.ActiveCfg = Release|Any CPU
		{6CB9FEEC-D77D-46CB-8A86-BB0DC703E200}.Release|Any CPU.Build.0 = Release|Any CPU
		{76E6DE0B-7573-4082-9817-05DDD861230C}.Debug|Any CPU.ActiveCfg = Debug|Any CPU
		{76E6DE0B-7573-4082-9817-05DDD861230C}.Debug|Any CPU.Build.0 = Debug|Any CPU
		{76E6DE0B-7573-4082-9817-05DDD861230C}.Release|Any CPU.ActiveCfg = Release|Any CPU
		{76E6DE0B-7573-4082-9817-05DDD861230C}.Release|Any CPU.Build.0 = Release|Any CPU
		{A7740557-1668-4FE6-8A53-54F5371F9EDE}.Debug|Any CPU.ActiveCfg = Debug|Any CPU
		{A7740557-1668-4FE6-8A53-54F5371F9EDE}.Debug|Any CPU.Build.0 = Debug|Any CPU
		{A7740557-1668-4FE6-8A53-54F5371F9EDE}.Release|Any CPU.ActiveCfg = Release|Any CPU
		{A7740557-1668-4FE6-8A53-54F5371F9EDE}.Release|Any CPU.Build.0 = Release|Any CPU
		{72538B9E-4528-4EAC-A3F6-3AFC0492003D}.Debug|Any CPU.ActiveCfg = Debug|Any CPU
		{72538B9E-4528-4EAC-A3F6-3AFC0492003D}.Debug|Any CPU.Build.0 = Debug|Any CPU
		{72538B9E-4528-4EAC-A3F6-3AFC0492003D}.Release|Any CPU.ActiveCfg = Release|Any CPU
		{72538B9E-4528-4EAC-A3F6-3AFC0492003D}.Release|Any CPU.Build.0 = Release|Any CPU
		{5CA0297D-01D2-40F3-8ADE-6E4D9AFB7F69}.Debug|Any CPU.ActiveCfg = Debug|Any CPU
		{5CA0297D-01D2-40F3-8ADE-6E4D9AFB7F69}.Debug|Any CPU.Build.0 = Debug|Any CPU
		{5CA0297D-01D2-40F3-8ADE-6E4D9AFB7F69}.Release|Any CPU.ActiveCfg = Release|Any CPU
		{5CA0297D-01D2-40F3-8ADE-6E4D9AFB7F69}.Release|Any CPU.Build.0 = Release|Any CPU
		{516EA1E6-B3ED-4EE2-BB98-82455DBC1957}.Debug|Any CPU.ActiveCfg = Debug|Any CPU
		{516EA1E6-B3ED-4EE2-BB98-82455DBC1957}.Debug|Any CPU.Build.0 = Debug|Any CPU
		{516EA1E6-B3ED-4EE2-BB98-82455DBC1957}.Release|Any CPU.ActiveCfg = Release|Any CPU
		{516EA1E6-B3ED-4EE2-BB98-82455DBC1957}.Release|Any CPU.Build.0 = Release|Any CPU
		{71F8DDBF-EF5F-43B7-8ACB-E92D75708DF7}.Debug|Any CPU.ActiveCfg = Debug|Any CPU
		{71F8DDBF-EF5F-43B7-8ACB-E92D75708DF7}.Debug|Any CPU.Build.0 = Debug|Any CPU
		{71F8DDBF-EF5F-43B7-8ACB-E92D75708DF7}.Release|Any CPU.ActiveCfg = Release|Any CPU
		{71F8DDBF-EF5F-43B7-8ACB-E92D75708DF7}.Release|Any CPU.Build.0 = Release|Any CPU
		{8430C4C7-07A3-46ED-8811-609245BAB9CC}.Debug|Any CPU.ActiveCfg = Debug|Any CPU
		{8430C4C7-07A3-46ED-8811-609245BAB9CC}.Debug|Any CPU.Build.0 = Debug|Any CPU
		{8430C4C7-07A3-46ED-8811-609245BAB9CC}.Release|Any CPU.ActiveCfg = Release|Any CPU
		{8430C4C7-07A3-46ED-8811-609245BAB9CC}.Release|Any CPU.Build.0 = Release|Any CPU
		{76D7E7DF-3DD6-4008-AC0D-EFC05C5DAA39}.Debug|Any CPU.ActiveCfg = Debug|Any CPU
		{76D7E7DF-3DD6-4008-AC0D-EFC05C5DAA39}.Debug|Any CPU.Build.0 = Debug|Any CPU
		{76D7E7DF-3DD6-4008-AC0D-EFC05C5DAA39}.Release|Any CPU.ActiveCfg = Release|Any CPU
		{76D7E7DF-3DD6-4008-AC0D-EFC05C5DAA39}.Release|Any CPU.Build.0 = Release|Any CPU
		{B7D8296A-6514-4065-BE6C-496A7FF68488}.Debug|Any CPU.ActiveCfg = Debug|Any CPU
		{B7D8296A-6514-4065-BE6C-496A7FF68488}.Debug|Any CPU.Build.0 = Debug|Any CPU
		{B7D8296A-6514-4065-BE6C-496A7FF68488}.Release|Any CPU.ActiveCfg = Release|Any CPU
		{B7D8296A-6514-4065-BE6C-496A7FF68488}.Release|Any CPU.Build.0 = Release|Any CPU
	EndGlobalSection
	GlobalSection(SolutionProperties) = preSolution
		HideSolutionNode = FALSE
	EndGlobalSection
	GlobalSection(NestedProjects) = preSolution
		{329B2F7A-EAB8-4EA4-9070-FFA239985BF8} = {4BB74E11-8E84-4A29-ADF5-53D1D6FB2558}
		{CF308081-6157-45F6-8118-8C9639F55D7C} = {329B2F7A-EAB8-4EA4-9070-FFA239985BF8}
		{867A5CCF-6320-4547-BEAE-578373FA0115} = {4BB74E11-8E84-4A29-ADF5-53D1D6FB2558}
		{A27C41E1-830C-4172-98D3-18AC2F595C89} = {867A5CCF-6320-4547-BEAE-578373FA0115}
		{AAE621C8-EED3-49F4-B9C7-67F7033A5DAB} = {4BB74E11-8E84-4A29-ADF5-53D1D6FB2558}
		{3646705C-765D-4271-A4C5-E5D24E085DF9} = {AAE621C8-EED3-49F4-B9C7-67F7033A5DAB}
		{7D3EBB02-2070-40C7-8EE2-B149620B67B4} = {AAE621C8-EED3-49F4-B9C7-67F7033A5DAB}
		{5811C35B-E935-4B17-809E-3FF6A6E9F0D2} = {AAE621C8-EED3-49F4-B9C7-67F7033A5DAB}
		{0ACEB353-AC78-4A8E-A67B-BD5C9F6E84E1} = {3646705C-765D-4271-A4C5-E5D24E085DF9}
		{6CB9FEEC-D77D-46CB-8A86-BB0DC703E200} = {3646705C-765D-4271-A4C5-E5D24E085DF9}
		{76E6DE0B-7573-4082-9817-05DDD861230C} = {7D3EBB02-2070-40C7-8EE2-B149620B67B4}
		{A7740557-1668-4FE6-8A53-54F5371F9EDE} = {5811C35B-E935-4B17-809E-3FF6A6E9F0D2}
		{72538B9E-4528-4EAC-A3F6-3AFC0492003D} = {4BFFDF9B-2740-4D8A-8299-ABF80FE08067}
		{981AA2EA-B81D-4FA2-8D3B-6C8A006DC090} = {4BB74E11-8E84-4A29-ADF5-53D1D6FB2558}
		{5CA0297D-01D2-40F3-8ADE-6E4D9AFB7F69} = {981AA2EA-B81D-4FA2-8D3B-6C8A006DC090}
		{516EA1E6-B3ED-4EE2-BB98-82455DBC1957} = {981AA2EA-B81D-4FA2-8D3B-6C8A006DC090}
		{71F8DDBF-EF5F-43B7-8ACB-E92D75708DF7} = {981AA2EA-B81D-4FA2-8D3B-6C8A006DC090}
		{8430C4C7-07A3-46ED-8811-609245BAB9CC} = {981AA2EA-B81D-4FA2-8D3B-6C8A006DC090}
		{76D7E7DF-3DD6-4008-AC0D-EFC05C5DAA39} = {981AA2EA-B81D-4FA2-8D3B-6C8A006DC090}
		{F5784039-E3A7-463A-A4BC-DC7D385749F4} = {4BB74E11-8E84-4A29-ADF5-53D1D6FB2558}
		{B7D8296A-6514-4065-BE6C-496A7FF68488} = {F5784039-E3A7-463A-A4BC-DC7D385749F4}
	EndGlobalSection
	GlobalSection(ExtensibilityGlobals) = postSolution
		SolutionGuid = {5A7200B4-0633-495F-9885-6740B1F5E866}
	EndGlobalSection
EndGlobal
